
Microsoft Visual Studio Solution File, Format Version 12.00
# Visual Studio 15
VisualStudioVersion = 15.0.28307.1062
MinimumVisualStudioVersion = 10.0.40219.1
Project("{FAE04EC0-301F-11D3-BF4B-00C04F79EFBC}") = "CarSale", "CarSale\CarSale.csproj", "{0C8B54EA-A706-4976-B560-38CCD87937BC}"
EndProject
Global
	GlobalSection(SolutionConfigurationPlatforms) = preSolution
		Debug|Any CPU = Debug|Any CPU
		Release|Any CPU = Release|Any CPU
	EndGlobalSection
	GlobalSection(ProjectConfigurationPlatforms) = postSolution
		{0C8B54EA-A706-4976-B560-38CCD87937BC}.Debug|Any CPU.ActiveCfg = Debug|Any CPU
		{0C8B54EA-A706-4976-B560-38CCD87937BC}.Debug|Any CPU.Build.0 = Debug|Any CPU
		{0C8B54EA-A706-4976-B560-38CCD87937BC}.Release|Any CPU.ActiveCfg = Release|Any CPU
		{0C8B54EA-A706-4976-B560-38CCD87937BC}.Release|Any CPU.Build.0 = Release|Any CPU
	EndGlobalSection
	GlobalSection(SolutionProperties) = preSolution
		HideSolutionNode = FALSE
	EndGlobalSection
	GlobalSection(ExtensibilityGlobals) = postSolution
		SolutionGuid = {5E47A203-6163-4867-AEF6-BC1FCEEBB534}
	EndGlobalSection
EndGlobal
